
Microsoft Visual Studio Solution File, Format Version 12.00
# Visual Studio Version 17
VisualStudioVersion = 17.8.34408.163
MinimumVisualStudioVersion = 10.0.40219.1
Project("{FAE04EC0-301F-11D3-BF4B-00C04F79EFBC}") = "FizzBuzzConsole", "FizzBuzzConsole\FizzBuzzConsole.csproj", "{F60C6AFB-9105-4C7F-98FF-BB4A929C516C}"
EndProject
Project("{FAE04EC0-301F-11D3-BF4B-00C04F79EFBC}") = "FizzBuzzTests", "FizzBuzzTests\FizzBuzzTests.csproj", "{E356499E-A80C-44EE-B35E-B3CD1DB57503}"
EndProject
Project("{FAE04EC0-301F-11D3-BF4B-00C04F79EFBC}") = "FizzBuzzService", "FizzBuzzService\FizzBuzzService.csproj", "{3174697F-DCC0-4EA7-BC2D-F863E3494B70}"
EndProject
Global
	GlobalSection(SolutionConfigurationPlatforms) = preSolution
		Debug|Any CPU = Debug|Any CPU
		Release|Any CPU = Release|Any CPU
	EndGlobalSection
	GlobalSection(ProjectConfigurationPlatforms) = postSolution
		{F60C6AFB-9105-4C7F-98FF-BB4A929C516C}.Debug|Any CPU.ActiveCfg = Debug|Any CPU
		{F60C6AFB-9105-4C7F-98FF-BB4A929C516C}.Debug|Any CPU.Build.0 = Debug|Any CPU
		{F60C6AFB-9105-4C7F-98FF-BB4A929C516C}.Release|Any CPU.ActiveCfg = Release|Any CPU
		{F60C6AFB-9105-4C7F-98FF-BB4A929C516C}.Release|Any CPU.Build.0 = Release|Any CPU
		{E356499E-A80C-44EE-B35E-B3CD1DB57503}.Debug|Any CPU.ActiveCfg = Debug|Any CPU
		{E356499E-A80C-44EE-B35E-B3CD1DB57503}.Debug|Any CPU.Build.0 = Debug|Any CPU
		{E356499E-A80C-44EE-B35E-B3CD1DB57503}.Release|Any CPU.ActiveCfg = Release|Any CPU
		{E356499E-A80C-44EE-B35E-B3CD1DB57503}.Release|Any CPU.Build.0 = Release|Any CPU
		{3174697F-DCC0-4EA7-BC2D-F863E3494B70}.Debug|Any CPU.ActiveCfg = Debug|Any CPU
		{3174697F-DCC0-4EA7-BC2D-F863E3494B70}.Debug|Any CPU.Build.0 = Debug|Any CPU
		{3174697F-DCC0-4EA7-BC2D-F863E3494B70}.Release|Any CPU.ActiveCfg = Release|Any CPU
		{3174697F-DCC0-4EA7-BC2D-F863E3494B70}.Release|Any CPU.Build.0 = Release|Any CPU
	EndGlobalSection
	GlobalSection(SolutionProperties) = preSolution
		HideSolutionNode = FALSE
	EndGlobalSection
	GlobalSection(ExtensibilityGlobals) = postSolution
		SolutionGuid = {9DCAEDF6-BAD4-48AF-9190-645E7513DF6A}
	EndGlobalSection
EndGlobal
